<Solution>
  <Folder Name="/k8s/">
    <File Path="k8s/configmap.yaml" />
    <File Path="k8s/deployment.yaml" />
    <File Path="k8s/namespace.yaml" />
    <File Path="k8s/secret.yaml" />
    <File Path="k8s/service.yaml" />
    <File Path="k8s/sqlserver.yaml" />
  </Folder>
  <Folder Name="/src/">
    <Project Path="src/FCG.Users.Api/FCG.Users.Api.csproj" />
    <Project Path="src/FCG.Users.Application/FCG.Users.Application.csproj" />
    <Project Path="src/FCG.Users.Domain/FCG.Users.Domain.csproj" />
    <Project Path="src/FCG.Users.Infrastructure/FCG.Users.Infrastructure.csproj" />
  </Folder>
  <Folder Name="/tests/">
    <Project Path="tests/FCG.Users.Tests/FCG.Users.Tests.csproj" />
  </Folder>
</Solution>
